
Microsoft Visual Studio Solution File, Format Version 12.00
# Visual Studio Version 17
VisualStudioVersion = 17.8.34316.72
MinimumVisualStudioVersion = 10.0.40219.1
Project("{FAE04EC0-301F-11D3-BF4B-00C04F79EFBC}") = "MauiApp1", "MauiApp1\MauiApp1.csproj", "{FE56F689-2F7C-4D84-A34B-36B6596BEA04}"
EndProject
Global
	GlobalSection(SolutionConfigurationPlatforms) = preSolution
		Debug|Any CPU = Debug|Any CPU
		Release|Any CPU = Release|Any CPU
	EndGlobalSection
	GlobalSection(ProjectConfigurationPlatforms) = postSolution
		{FE56F689-2F7C-4D84-A34B-36B6596BEA04}.Debug|Any CPU.ActiveCfg = Debug|Any CPU
		{FE56F689-2F7C-4D84-A34B-36B6596BEA04}.Debug|Any CPU.Build.0 = Debug|Any CPU
		{FE56F689-2F7C-4D84-A34B-36B6596BEA04}.Debug|Any CPU.Deploy.0 = Debug|Any CPU
		{FE56F689-2F7C-4D84-A34B-36B6596BEA04}.Release|Any CPU.ActiveCfg = Release|Any CPU
		{FE56F689-2F7C-4D84-A34B-36B6596BEA04}.Release|Any CPU.Build.0 = Release|Any CPU
		{FE56F689-2F7C-4D84-A34B-36B6596BEA04}.Release|Any CPU.Deploy.0 = Release|Any CPU
	EndGlobalSection
	GlobalSection(SolutionProperties) = preSolution
		HideSolutionNode = FALSE
	EndGlobalSection
	GlobalSection(ExtensibilityGlobals) = postSolution
		SolutionGuid = {DC94D1FA-CFD1-4D51-AFCB-43A2E6D3DDE6}
	EndGlobalSection
EndGlobal
